{
    "version": 4,
    "terraform_version": "1.1.8",
    "serial": 5,
    "lineage": "cb1a0a87-3653-3eda-5253-bd69f6dec112",
    "outputs": {},
    "resources": [
      {
        "mode": "managed",
        "type": "aws_subnet",
        "name": "subnet_app",
        "provider": "provider[\"registry.terraform.io/hashicorp/aws\"]",
        "instances": [
          {
            "schema_version": 1,
            "attributes": {
              "arn": "arn:aws:ec2:us-east-2:777203705741:subnet/subnet-069955155b8e981f7",
              "assign_ipv6_address_on_creation": false,
              "availability_zone": "us-east-2a",
              "availability_zone_id": "use2-az1",
              "cidr_block": "192.168.1.32/27",
              "customer_owned_ipv4_pool": "",
              "enable_dns64": false,
              "enable_resource_name_dns_a_record_on_launch": false,
              "enable_resource_name_dns_aaaa_record_on_launch": false,
              "id": "subnet-069955155b8e981f7",
              "ipv6_cidr_block": "",
              "ipv6_cidr_block_association_id": "",
              "ipv6_native": false,
              "map_customer_owned_ip_on_launch": false,
              "map_public_ip_on_launch": false,
              "outpost_arn": "",
              "owner_id": "777203705741",
              "private_dns_hostname_type_on_launch": "ip-name",
              "tags": {
                "Name": "subnet_app"
              },
              "tags_all": {
                "Name": "subnet_app"
              },
              "timeouts": null,
              "vpc_id": "vpc-011e72341805a15d3"
            },
            "sensitive_attributes": [],
            "private": "eyJlMmJmYjczMC1lY2FhLTExZTYtOGY4OC0zNDM2M2JjN2M0YzAiOnsiY3JlYXRlIjo2MDAwMDAwMDAwMDAsImRlbGV0ZSI6MTIwMDAwMDAwMDAwMH0sInNjaGVtYV92ZXJzaW9uIjoiMSJ9",
            "dependencies": [
              "aws_vpc.yuval"
            ]
          }
        ]
      },
      {
        "mode": "managed",
        "type": "aws_subnet",
        "name": "subnet_db",
        "provider": "provider[\"registry.terraform.io/hashicorp/aws\"]",
        "instances": [
          {
            "schema_version": 1,
            "attributes": {
              "arn": "arn:aws:ec2:us-east-2:777203705741:subnet/subnet-09e661fb44205c515",
              "assign_ipv6_address_on_creation": false,
              "availability_zone": "us-east-2c",
              "availability_zone_id": "use2-az3",
              "cidr_block": "192.168.1.64/28",
              "customer_owned_ipv4_pool": "",
              "enable_dns64": false,
              "enable_resource_name_dns_a_record_on_launch": false,
              "enable_resource_name_dns_aaaa_record_on_launch": false,
              "id": "subnet-09e661fb44205c515",
              "ipv6_cidr_block": "",
              "ipv6_cidr_block_association_id": "",
              "ipv6_native": false,
              "map_customer_owned_ip_on_launch": false,
              "map_public_ip_on_launch": false,
              "outpost_arn": "",
              "owner_id": "777203705741",
              "private_dns_hostname_type_on_launch": "ip-name",
              "tags": {
                "Name": "subnet_db"
              },
              "tags_all": {
                "Name": "subnet_db"
              },
              "timeouts": null,
              "vpc_id": "vpc-011e72341805a15d3"
            },
            "sensitive_attributes": [],
            "private": "eyJlMmJmYjczMC1lY2FhLTExZTYtOGY4OC0zNDM2M2JjN2M0YzAiOnsiY3JlYXRlIjo2MDAwMDAwMDAwMDAsImRlbGV0ZSI6MTIwMDAwMDAwMDAwMH0sInNjaGVtYV92ZXJzaW9uIjoiMSJ9",
            "dependencies": [
              "aws_vpc.shai"
            ]
          }
        ]
      },
      {
        "mode": "managed",
        "type": "aws_subnet",
        "name": "subnet_web",
        "provider": "provider[\"registry.terraform.io/hashicorp/aws\"]",
        "instances": [
          {
            "schema_version": 1,
            "attributes": {
              "arn": "arn:aws:ec2:us-east-2:777203705741:subnet/subnet-0c798928f6f448f76",
              "assign_ipv6_address_on_creation": false,
              "availability_zone": "us-east-2b",
              "availability_zone_id": "use2-az2",
              "cidr_block": "192.168.1.0/27",
              "customer_owned_ipv4_pool": "",
              "enable_dns64": false,
              "enable_resource_name_dns_a_record_on_launch": false,
              "enable_resource_name_dns_aaaa_record_on_launch": false,
              "id": "subnet-0c798928f6f448f76",
              "ipv6_cidr_block": "",
              "ipv6_cidr_block_association_id": "",
              "ipv6_native": false,
              "map_customer_owned_ip_on_launch": false,
              "map_public_ip_on_launch": false,
              "outpost_arn": "",
              "owner_id": "777203705741",
              "private_dns_hostname_type_on_launch": "ip-name",
              "tags": {
                "Name": "subnet_web"
              },
              "tags_all": {
                "Name": "subnet_web"
              },
              "timeouts": null,
              "vpc_id": "vpc-011e72341805a15d3"
            },
            "sensitive_attributes": [],
            "private": "eyJlMmJmYjczMC1lY2FhLTExZTYtOGY4OC0zNDM2M2JjN2M0YzAiOnsiY3JlYXRlIjo2MDAwMDAwMDAwMDAsImRlbGV0ZSI6MTIwMDAwMDAwMDAwMH0sInNjaGVtYV92ZXJzaW9uIjoiMSJ9",
            "dependencies": [
              "aws_vpc.yuval"
            ]
          }
        ]
      },
      {
        "mode": "managed",
        "type": "aws_vpc",
        "name": "Yuval",
        "provider": "provider[\"registry.terraform.io/hashicorp/aws\"]",
        "instances": [
          {
            "schema_version": 1,
            "attributes": {
              "arn": "arn:aws:ec2:us-east-2:777203705741:vpc/vpc-011e72341805a15d3",
              "assign_generated_ipv6_cidr_block": false,
              "cidr_block": "192.168.1.0/24",
              "default_network_acl_id": "acl-012bb1a20502bd35d",
              "default_route_table_id": "rtb-0aa8bbdfc6b49a52c",
              "default_security_group_id": "sg-06621fadb9507231b",
              "dhcp_options_id": "dopt-0a24575a614f608f5",
              "enable_classiclink": false,
              "enable_classiclink_dns_support": false,
              "enable_dns_hostnames": false,
              "enable_dns_support": true,
              "id": "vpc-011e72341805a15d3",
              "instance_tenancy": "default",
              "ipv4_ipam_pool_id": null,
              "ipv4_netmask_length": null,
              "ipv6_association_id": "",
              "ipv6_cidr_block": "",
              "ipv6_cidr_block_network_border_group": "",
              "ipv6_ipam_pool_id": "",
              "ipv6_netmask_length": 0,
              "main_route_table_id": "rtb-0aa8bbdfc6b49a52c",
              "owner_id": "777203705741",
              "tags": {
                "name": "yuval"
              },
              "tags_all": {
                "name": "yuval"
              }
            },
            "sensitive_attributes": [],
            "private": "eyJzY2hlbWFfdmVyc2lvbiI6IjEifQ=="
          }
        ]
      }
    ]
  }
  